
Microsoft Visual Studio Solution File, Format Version 12.00
# Visual Studio Version 18
VisualStudioVersion = 18.2.11415.280
MinimumVisualStudioVersion = 10.0.40219.1
Project("{FAE04EC0-301F-11D3-BF4B-00C04F79EFBC}") = "ConsoleApp", "ConsoleApp\ConsoleApp.csproj", "{DE15F68F-3D55-4800-88BD-16D1FA83321D}"
EndProject
Project("{FAE04EC0-301F-11D3-BF4B-00C04F79EFBC}") = "ContosoPizza", "ContosoPizza\ContosoPizza.csproj", "{A202A899-9F0E-4081-B9E5-43FFE3121291}"
EndProject
Project("{FAE04EC0-301F-11D3-BF4B-00C04F79EFBC}") = "BegiedzDev", "BegiedzDev\BegiedzDev.csproj", "{55D81FDB-3E70-4569-87AC-3982BCC5E5D7}"
EndProject
Project("{FAE04EC0-301F-11D3-BF4B-00C04F79EFBC}") = "Calculator", "Calculator\Calculator.csproj", "{CD9D3BE2-57AC-4B1A-A4FF-2D77CDDB3E09}"
EndProject
Project("{FAE04EC0-301F-11D3-BF4B-00C04F79EFBC}") = "TaskManagerApi", "TaskManagerApi\TaskManagerApi.csproj", "{D3E89AF7-9D1D-402E-8FF0-B84178E7221F}"
EndProject
Project("{FAE04EC0-301F-11D3-BF4B-00C04F79EFBC}") = "MiniGame", "MiniGame\MiniGame.csproj", "{EA905A97-E4B3-4BF4-B358-A204E8397DFA}"
EndProject
Global
	GlobalSection(SolutionConfigurationPlatforms) = preSolution
		Debug|Any CPU = Debug|Any CPU
		Release|Any CPU = Release|Any CPU
	EndGlobalSection
	GlobalSection(ProjectConfigurationPlatforms) = postSolution
		{DE15F68F-3D55-4800-88BD-16D1FA83321D}.Debug|Any CPU.ActiveCfg = Debug|Any CPU
		{DE15F68F-3D55-4800-88BD-16D1FA83321D}.Debug|Any CPU.Build.0 = Debug|Any CPU
		{DE15F68F-3D55-4800-88BD-16D1FA83321D}.Release|Any CPU.ActiveCfg = Release|Any CPU
		{DE15F68F-3D55-4800-88BD-16D1FA83321D}.Release|Any CPU.Build.0 = Release|Any CPU
		{A202A899-9F0E-4081-B9E5-43FFE3121291}.Debug|Any CPU.ActiveCfg = Debug|Any CPU
		{A202A899-9F0E-4081-B9E5-43FFE3121291}.Debug|Any CPU.Build.0 = Debug|Any CPU
		{A202A899-9F0E-4081-B9E5-43FFE3121291}.Release|Any CPU.ActiveCfg = Release|Any CPU
		{A202A899-9F0E-4081-B9E5-43FFE3121291}.Release|Any CPU.Build.0 = Release|Any CPU
		{55D81FDB-3E70-4569-87AC-3982BCC5E5D7}.Debug|Any CPU.ActiveCfg = Debug|Any CPU
		{55D81FDB-3E70-4569-87AC-3982BCC5E5D7}.Debug|Any CPU.Build.0 = Debug|Any CPU
		{55D81FDB-3E70-4569-87AC-3982BCC5E5D7}.Release|Any CPU.ActiveCfg = Release|Any CPU
		{55D81FDB-3E70-4569-87AC-3982BCC5E5D7}.Release|Any CPU.Build.0 = Release|Any CPU
		{CD9D3BE2-57AC-4B1A-A4FF-2D77CDDB3E09}.Debug|Any CPU.ActiveCfg = Debug|Any CPU
		{CD9D3BE2-57AC-4B1A-A4FF-2D77CDDB3E09}.Debug|Any CPU.Build.0 = Debug|Any CPU
		{CD9D3BE2-57AC-4B1A-A4FF-2D77CDDB3E09}.Release|Any CPU.ActiveCfg = Release|Any CPU
		{CD9D3BE2-57AC-4B1A-A4FF-2D77CDDB3E09}.Release|Any CPU.Build.0 = Release|Any CPU
		{D3E89AF7-9D1D-402E-8FF0-B84178E7221F}.Debug|Any CPU.ActiveCfg = Debug|Any CPU
		{D3E89AF7-9D1D-402E-8FF0-B84178E7221F}.Debug|Any CPU.Build.0 = Debug|Any CPU
		{D3E89AF7-9D1D-402E-8FF0-B84178E7221F}.Release|Any CPU.ActiveCfg = Release|Any CPU
		{D3E89AF7-9D1D-402E-8FF0-B84178E7221F}.Release|Any CPU.Build.0 = Release|Any CPU
		{EA905A97-E4B3-4BF4-B358-A204E8397DFA}.Debug|Any CPU.ActiveCfg = Debug|Any CPU
		{EA905A97-E4B3-4BF4-B358-A204E8397DFA}.Debug|Any CPU.Build.0 = Debug|Any CPU
		{EA905A97-E4B3-4BF4-B358-A204E8397DFA}.Release|Any CPU.ActiveCfg = Release|Any CPU
		{EA905A97-E4B3-4BF4-B358-A204E8397DFA}.Release|Any CPU.Build.0 = Release|Any CPU
	EndGlobalSection
	GlobalSection(SolutionProperties) = preSolution
		HideSolutionNode = FALSE
	EndGlobalSection
	GlobalSection(ExtensibilityGlobals) = postSolution
		SolutionGuid = {BC784020-51E4-4DC6-9C40-D1B23D8432CF}
	EndGlobalSection
EndGlobal
